
Microsoft Visual Studio Solution File, Format Version 12.00
# Visual Studio Version 17
VisualStudioVersion = 17.13.35818.85 d17.13
MinimumVisualStudioVersion = 10.0.40219.1
Project("{FAE04EC0-301F-11D3-BF4B-00C04F79EFBC}") = "Step2", "Step2\Step2.csproj", "{0416C730-F153-432D-B025-631A66523E43}"
EndProject
Project("{FAE04EC0-301F-11D3-BF4B-00C04F79EFBC}") = "Step2Test", "Step2Test\Step2Test.csproj", "{6005366E-75C5-44D5-873C-455604F8B3A9}"
EndProject
Global
	GlobalSection(SolutionConfigurationPlatforms) = preSolution
		Debug|Any CPU = Debug|Any CPU
		Release|Any CPU = Release|Any CPU
	EndGlobalSection
	GlobalSection(ProjectConfigurationPlatforms) = postSolution
		{0416C730-F153-432D-B025-631A66523E43}.Debug|Any CPU.ActiveCfg = Debug|Any CPU
		{0416C730-F153-432D-B025-631A66523E43}.Debug|Any CPU.Build.0 = Debug|Any CPU
		{0416C730-F153-432D-B025-631A66523E43}.Release|Any CPU.ActiveCfg = Release|Any CPU
		{0416C730-F153-432D-B025-631A66523E43}.Release|Any CPU.Build.0 = Release|Any CPU
		{6005366E-75C5-44D5-873C-455604F8B3A9}.Debug|Any CPU.ActiveCfg = Debug|Any CPU
		{6005366E-75C5-44D5-873C-455604F8B3A9}.Debug|Any CPU.Build.0 = Debug|Any CPU
		{6005366E-75C5-44D5-873C-455604F8B3A9}.Release|Any CPU.ActiveCfg = Release|Any CPU
		{6005366E-75C5-44D5-873C-455604F8B3A9}.Release|Any CPU.Build.0 = Release|Any CPU
	EndGlobalSection
	GlobalSection(SolutionProperties) = preSolution
		HideSolutionNode = FALSE
	EndGlobalSection
	GlobalSection(ExtensibilityGlobals) = postSolution
		SolutionGuid = {8AAC58EC-729D-4D08-8AEC-E4C4F8E976E3}
	EndGlobalSection
EndGlobal
